// !$*UTF8*$!
{
	archiveVersion = 1;
	classes = {
	};
	objectVersion = 50;
	objects = {

/* Begin PBXBuildFile section */
		7F4DB28226A0318800C3B78A /* AppDelegate.swift in Sources */ = {isa = PBXBuildFile; fileRef = 7F4DB28126A0318800C3B78A /* AppDelegate.swift */; };
		7F4DB28426A0318800C3B78A /* SceneDelegate.swift in Sources */ = {isa = PBXBuildFile; fileRef = 7F4DB28326A0318800C3B78A /* SceneDelegate.swift */; };
		7F4DB28626A0318800C3B78A /* ViewController.swift in Sources */ = {isa = PBXBuildFile; fileRef = 7F4DB28526A0318800C3B78A /* ViewController.swift */; };
		7F4DB28926A0318800C3B78A /* Main.storyboard in Resources */ = {isa = PBXBuildFile; fileRef = 7F4DB28726A0318800C3B78A /* Main.storyboard */; };
		7F4DB28B26A0319200C3B78A /* Assets.xcassets in Resources */ = {isa = PBXBuildFile; fileRef = 7F4DB28A26A0319200C3B78A /* Assets.xcassets */; };
		7F4DB28E26A0319200C3B78A /* LaunchScreen.storyboard in Resources */ = {isa = PBXBuildFile; fileRef = 7F4DB28C26A0319200C3B78A /* LaunchScreen.storyboard */; };
		7F4DB29926A0319300C3B78A /* ricky_and_mortyTests.swift in Sources */ = {isa = PBXBuildFile; fileRef = 7F4DB29826A0319300C3B78A /* ricky_and_mortyTests.swift */; };
		7F4DB2A426A0319300C3B78A /* ricky_and_mortyUITests.swift in Sources */ = {isa = PBXBuildFile; fileRef = 7F4DB2A326A0319300C3B78A /* ricky_and_mortyUITests.swift */; };
		7F4DB2B526A0327800C3B78A /* CharacterModel.swift in Sources */ = {isa = PBXBuildFile; fileRef = 7F4DB2B426A0327800C3B78A /* CharacterModel.swift */; };
		7F4DB2B726A0329700C3B78A /* characterData.swift in Sources */ = {isa = PBXBuildFile; fileRef = 7F4DB2B626A0329700C3B78A /* characterData.swift */; };
		7F4DB2B926A032B700C3B78A /* characterManger.swift in Sources */ = {isa = PBXBuildFile; fileRef = 7F4DB2B826A032B700C3B78A /* characterManger.swift */; };
		7F4DB2BB26A032D600C3B78A /* EpisodeModel.swift in Sources */ = {isa = PBXBuildFile; fileRef = 7F4DB2BA26A032D600C3B78A /* EpisodeModel.swift */; };
		7F4DB2BD26A032FC00C3B78A /* episodeData.swift in Sources */ = {isa = PBXBuildFile; fileRef = 7F4DB2BC26A032FC00C3B78A /* episodeData.swift */; };
		7F4DB2C226A0333800C3B78A /* LocationModel.swift in Sources */ = {isa = PBXBuildFile; fileRef = 7F4DB2C126A0333800C3B78A /* LocationModel.swift */; };
		7F4DB2C426A0335100C3B78A /* locationData.swift in Sources */ = {isa = PBXBuildFile; fileRef = 7F4DB2C326A0335100C3B78A /* locationData.swift */; };
		7F4DB2C626A0336800C3B78A /* LocationManger.swift in Sources */ = {isa = PBXBuildFile; fileRef = 7F4DB2C526A0336800C3B78A /* LocationManger.swift */; };
		7F61A9F426A4D0A0003DE97A /* singleLocationViewController.swift in Sources */ = {isa = PBXBuildFile; fileRef = 7F61A9F326A4D0A0003DE97A /* singleLocationViewController.swift */; };
		7F76FCF026A0B3C700492FC5 /* characterTableViewCell.swift in Sources */ = {isa = PBXBuildFile; fileRef = 7F76FCEF26A0B3C700492FC5 /* characterTableViewCell.swift */; };
		7F8B4FB126A439BB0034724E /* locationTableViewCell.swift in Sources */ = {isa = PBXBuildFile; fileRef = 7F8B4FB026A439BB0034724E /* locationTableViewCell.swift */; };
		7F942B8726A2B55B003B0B53 /* episodeViewController.swift in Sources */ = {isa = PBXBuildFile; fileRef = 7F942B8626A2B55B003B0B53 /* episodeViewController.swift */; };
		7F942B8926A2B56B003B0B53 /* locationViewController.swift in Sources */ = {isa = PBXBuildFile; fileRef = 7F942B8826A2B56B003B0B53 /* locationViewController.swift */; };
		7FBA211826A4A39F00157849 /* SingleCharViewController.swift in Sources */ = {isa = PBXBuildFile; fileRef = 7FBA211726A4A39F00157849 /* SingleCharViewController.swift */; };
		7FE86A4C26A45DD9005B647B /* episodeTableViewCell.swift in Sources */ = {isa = PBXBuildFile; fileRef = 7FE86A4B26A45DD9005B647B /* episodeTableViewCell.swift */; };
		7FE86A4F26A45E3A005B647B /* episodeCollectionViewCell.swift in Sources */ = {isa = PBXBuildFile; fileRef = 7FE86A4E26A45E3A005B647B /* episodeCollectionViewCell.swift */; };
/* End PBXBuildFile section */

/* Begin PBXContainerItemProxy section */
		7F4DB29526A0319300C3B78A /* PBXContainerItemProxy */ = {
			isa = PBXContainerItemProxy;
			containerPortal = 7F4DB27626A0318800C3B78A /* Project object */;
			proxyType = 1;
			remoteGlobalIDString = 7F4DB27D26A0318800C3B78A;
			remoteInfo = "ricky and morty";
		};
		7F4DB2A026A0319300C3B78A /* PBXContainerItemProxy */ = {
			isa = PBXContainerItemProxy;
			containerPortal = 7F4DB27626A0318800C3B78A /* Project object */;
			proxyType = 1;
			remoteGlobalIDString = 7F4DB27D26A0318800C3B78A;
			remoteInfo = "ricky and morty";
		};
/* End PBXContainerItemProxy section */

/* Begin PBXFileReference section */
		7F4DB27E26A0318800C3B78A /* ricky and morty.app */ = {isa = PBXFileReference; explicitFileType = wrapper.application; includeInIndex = 0; path = "ricky and morty.app"; sourceTree = BUILT_PRODUCTS_DIR; };
		7F4DB28126A0318800C3B78A /* AppDelegate.swift */ = {isa = PBXFileReference; lastKnownFileType = sourcecode.swift; path = AppDelegate.swift; sourceTree = "<group>"; };
		7F4DB28326A0318800C3B78A /* SceneDelegate.swift */ = {isa = PBXFileReference; lastKnownFileType = sourcecode.swift; path = SceneDelegate.swift; sourceTree = "<group>"; };
		7F4DB28526A0318800C3B78A /* ViewController.swift */ = {isa = PBXFileReference; lastKnownFileType = sourcecode.swift; path = ViewController.swift; sourceTree = "<group>"; };
		7F4DB28826A0318800C3B78A /* Base */ = {isa = PBXFileReference; lastKnownFileType = file.storyboard; name = Base; path = Base.lproj/Main.storyboard; sourceTree = "<group>"; };
		7F4DB28A26A0319200C3B78A /* Assets.xcassets */ = {isa = PBXFileReference; lastKnownFileType = folder.assetcatalog; path = Assets.xcassets; sourceTree = "<group>"; };
		7F4DB28D26A0319200C3B78A /* Base */ = {isa = PBXFileReference; lastKnownFileType = file.storyboard; name = Base; path = Base.lproj/LaunchScreen.storyboard; sourceTree = "<group>"; };
		7F4DB28F26A0319200C3B78A /* Info.plist */ = {isa = PBXFileReference; lastKnownFileType = text.plist.xml; path = Info.plist; sourceTree = "<group>"; };
		7F4DB29426A0319300C3B78A /* ricky and mortyTests.xctest */ = {isa = PBXFileReference; explicitFileType = wrapper.cfbundle; includeInIndex = 0; path = "ricky and mortyTests.xctest"; sourceTree = BUILT_PRODUCTS_DIR; };
		7F4DB29826A0319300C3B78A /* ricky_and_mortyTests.swift */ = {isa = PBXFileReference; lastKnownFileType = sourcecode.swift; path = ricky_and_mortyTests.swift; sourceTree = "<group>"; };
		7F4DB29A26A0319300C3B78A /* Info.plist */ = {isa = PBXFileReference; lastKnownFileType = text.plist.xml; path = Info.plist; sourceTree = "<group>"; };
		7F4DB29F26A0319300C3B78A /* ricky and mortyUITests.xctest */ = {isa = PBXFileReference; explicitFileType = wrapper.cfbundle; includeInIndex = 0; path = "ricky and mortyUITests.xctest"; sourceTree = BUILT_PRODUCTS_DIR; };
		7F4DB2A326A0319300C3B78A /* ricky_and_mortyUITests.swift */ = {isa = PBXFileReference; lastKnownFileType = sourcecode.swift; path = ricky_and_mortyUITests.swift; sourceTree = "<group>"; };
		7F4DB2A526A0319300C3B78A /* Info.plist */ = {isa = PBXFileReference; lastKnownFileType = text.plist.xml; path = Info.plist; sourceTree = "<group>"; };
		7F4DB2B426A0327800C3B78A /* CharacterModel.swift */ = {isa = PBXFileReference; lastKnownFileType = sourcecode.swift; path = CharacterModel.swift; sourceTree = "<group>"; };
		7F4DB2B626A0329700C3B78A /* characterData.swift */ = {isa = PBXFileReference; lastKnownFileType = sourcecode.swift; path = characterData.swift; sourceTree = "<group>"; };
		7F4DB2B826A032B700C3B78A /* characterManger.swift */ = {isa = PBXFileReference; lastKnownFileType = sourcecode.swift; path = characterManger.swift; sourceTree = "<group>"; };
		7F4DB2BA26A032D600C3B78A /* EpisodeModel.swift */ = {isa = PBXFileReference; lastKnownFileType = sourcecode.swift; path = EpisodeModel.swift; sourceTree = "<group>"; };
		7F4DB2BC26A032FC00C3B78A /* episodeData.swift */ = {isa = PBXFileReference; lastKnownFileType = sourcecode.swift; path = episodeData.swift; sourceTree = "<group>"; };
		7F4DB2C126A0333800C3B78A /* LocationModel.swift */ = {isa = PBXFileReference; lastKnownFileType = sourcecode.swift; path = LocationModel.swift; sourceTree = "<group>"; };
		7F4DB2C326A0335100C3B78A /* locationData.swift */ = {isa = PBXFileReference; lastKnownFileType = sourcecode.swift; path = locationData.swift; sourceTree = "<group>"; };
		7F4DB2C526A0336800C3B78A /* LocationManger.swift */ = {isa = PBXFileReference; lastKnownFileType = sourcecode.swift; path = LocationManger.swift; sourceTree = "<group>"; };
		7F61A9F326A4D0A0003DE97A /* singleLocationViewController.swift */ = {isa = PBXFileReference; lastKnownFileType = sourcecode.swift; path = singleLocationViewController.swift; sourceTree = "<group>"; };
		7F76FCEF26A0B3C700492FC5 /* characterTableViewCell.swift */ = {isa = PBXFileReference; lastKnownFileType = sourcecode.swift; path = characterTableViewCell.swift; sourceTree = "<group>"; };
		7F8B4FB026A439BB0034724E /* locationTableViewCell.swift */ = {isa = PBXFileReference; lastKnownFileType = sourcecode.swift; path = locationTableViewCell.swift; sourceTree = "<group>"; };
		7F942B8626A2B55B003B0B53 /* episodeViewController.swift */ = {isa = PBXFileReference; lastKnownFileType = sourcecode.swift; path = episodeViewController.swift; sourceTree = "<group>"; };
		7F942B8826A2B56B003B0B53 /* locationViewController.swift */ = {isa = PBXFileReference; lastKnownFileType = sourcecode.swift; path = locationViewController.swift; sourceTree = "<group>"; };
		7FBA211726A4A39F00157849 /* SingleCharViewController.swift */ = {isa = PBXFileReference; lastKnownFileType = sourcecode.swift; path = SingleCharViewController.swift; sourceTree = "<group>"; };
		7FE86A4B26A45DD9005B647B /* episodeTableViewCell.swift */ = {isa = PBXFileReference; lastKnownFileType = sourcecode.swift; path = episodeTableViewCell.swift; sourceTree = "<group>"; };
		7FE86A4E26A45E3A005B647B /* episodeCollectionViewCell.swift */ = {isa = PBXFileReference; lastKnownFileType = sourcecode.swift; path = episodeCollectionViewCell.swift; sourceTree = "<group>"; };
/* End PBXFileReference section */

/* Begin PBXFrameworksBuildPhase section */
		7F4DB27B26A0318800C3B78A /* Frameworks */ = {
			isa = PBXFrameworksBuildPhase;
			buildActionMask = 2147483647;
			files = (
			);
			runOnlyForDeploymentPostprocessing = 0;
		};
		7F4DB29126A0319300C3B78A /* Frameworks */ = {
			isa = PBXFrameworksBuildPhase;
			buildActionMask = 2147483647;
			files = (
			);
			runOnlyForDeploymentPostprocessing = 0;
		};
		7F4DB29C26A0319300C3B78A /* Frameworks */ = {
			isa = PBXFrameworksBuildPhase;
			buildActionMask = 2147483647;
			files = (
			);
			runOnlyForDeploymentPostprocessing = 0;
		};
/* End PBXFrameworksBuildPhase section */

/* Begin PBXGroup section */
		7F4DB27526A0318800C3B78A = {
			isa = PBXGroup;
			children = (
				7F4DB28026A0318800C3B78A /* ricky and morty */,
				7F4DB29726A0319300C3B78A /* ricky and mortyTests */,
				7F4DB2A226A0319300C3B78A /* ricky and mortyUITests */,
				7F4DB27F26A0318800C3B78A /* Products */,
			);
			sourceTree = "<group>";
		};
		7F4DB27F26A0318800C3B78A /* Products */ = {
			isa = PBXGroup;
			children = (
				7F4DB27E26A0318800C3B78A /* ricky and morty.app */,
				7F4DB29426A0319300C3B78A /* ricky and mortyTests.xctest */,
				7F4DB29F26A0319300C3B78A /* ricky and mortyUITests.xctest */,
			);
			name = Products;
			sourceTree = "<group>";
		};
		7F4DB28026A0318800C3B78A /* ricky and morty */ = {
			isa = PBXGroup;
			children = (
				7F4DB28126A0318800C3B78A /* AppDelegate.swift */,
				7F4DB28326A0318800C3B78A /* SceneDelegate.swift */,
				7F4DB2B226A031EF00C3B78A /* Model */,
				7F4DB2B326A0320300C3B78A /* View */,
				7F4DB2B126A031D900C3B78A /* Controller */,
				7F4DB28A26A0319200C3B78A /* Assets.xcassets */,
				7F4DB28F26A0319200C3B78A /* Info.plist */,
			);
			path = "ricky and morty";
			sourceTree = "<group>";
		};
		7F4DB29726A0319300C3B78A /* ricky and mortyTests */ = {
			isa = PBXGroup;
			children = (
				7F4DB29826A0319300C3B78A /* ricky_and_mortyTests.swift */,
				7F4DB29A26A0319300C3B78A /* Info.plist */,
			);
			path = "ricky and mortyTests";
			sourceTree = "<group>";
		};
		7F4DB2A226A0319300C3B78A /* ricky and mortyUITests */ = {
			isa = PBXGroup;
			children = (
				7F4DB2A326A0319300C3B78A /* ricky_and_mortyUITests.swift */,
				7F4DB2A526A0319300C3B78A /* Info.plist */,
			);
			path = "ricky and mortyUITests";
			sourceTree = "<group>";
		};
		7F4DB2B126A031D900C3B78A /* Controller */ = {
			isa = PBXGroup;
			children = (
				7F4DB28526A0318800C3B78A /* ViewController.swift */,
				7F942B8626A2B55B003B0B53 /* episodeViewController.swift */,
				7F942B8826A2B56B003B0B53 /* locationViewController.swift */,
				7FBA211726A4A39F00157849 /* SingleCharViewController.swift */,
				7F61A9F326A4D0A0003DE97A /* singleLocationViewController.swift */,
			);
			name = Controller;
			sourceTree = "<group>";
		};
		7F4DB2B226A031EF00C3B78A /* Model */ = {
			isa = PBXGroup;
			children = (
				7FE86A4D26A45E1D005B647B /* collection */,
				7F76FCEA26A0B2B500492FC5 /* Table */,
				7F4DB2B426A0327800C3B78A /* CharacterModel.swift */,
				7F4DB2B626A0329700C3B78A /* characterData.swift */,
				7F4DB2B826A032B700C3B78A /* characterManger.swift */,
				7F4DB2BA26A032D600C3B78A /* EpisodeModel.swift */,
				7F4DB2BC26A032FC00C3B78A /* episodeData.swift */,
				7F4DB2C126A0333800C3B78A /* LocationModel.swift */,
				7F4DB2C326A0335100C3B78A /* locationData.swift */,
				7F4DB2C526A0336800C3B78A /* LocationManger.swift */,
			);
			path = Model;
			sourceTree = "<group>";
		};
		7F4DB2B326A0320300C3B78A /* View */ = {
			isa = PBXGroup;
			children = (
				7F4DB28C26A0319200C3B78A /* LaunchScreen.storyboard */,
				7F4DB28726A0318800C3B78A /* Main.storyboard */,
			);
			name = View;
			sourceTree = "<group>";
		};
		7F76FCEA26A0B2B500492FC5 /* Table */ = {
			isa = PBXGroup;
			children = (
				7F76FCEF26A0B3C700492FC5 /* characterTableViewCell.swift */,
				7F8B4FB026A439BB0034724E /* locationTableViewCell.swift */,
				7FE86A4B26A45DD9005B647B /* episodeTableViewCell.swift */,
			);
			path = Table;
			sourceTree = "<group>";
		};
		7FE86A4D26A45E1D005B647B /* collection */ = {
			isa = PBXGroup;
			children = (
				7FE86A4E26A45E3A005B647B /* episodeCollectionViewCell.swift */,
			);
			path = collection;
			sourceTree = "<group>";
		};
/* End PBXGroup section */

/* Begin PBXNativeTarget section */
		7F4DB27D26A0318800C3B78A /* ricky and morty */ = {
			isa = PBXNativeTarget;
			buildConfigurationList = 7F4DB2A826A0319300C3B78A /* Build configuration list for PBXNativeTarget "ricky and morty" */;
			buildPhases = (
				7F4DB27A26A0318800C3B78A /* Sources */,
				7F4DB27B26A0318800C3B78A /* Frameworks */,
				7F4DB27C26A0318800C3B78A /* Resources */,
			);
			buildRules = (
			);
			dependencies = (
			);
			name = "ricky and morty";
			productName = "ricky and morty";
			productReference = 7F4DB27E26A0318800C3B78A /* ricky and morty.app */;
			productType = "com.apple.product-type.application";
		};
		7F4DB29326A0319300C3B78A /* ricky and mortyTests */ = {
			isa = PBXNativeTarget;
			buildConfigurationList = 7F4DB2AB26A0319300C3B78A /* Build configuration list for PBXNativeTarget "ricky and mortyTests" */;
			buildPhases = (
				7F4DB29026A0319300C3B78A /* Sources */,
				7F4DB29126A0319300C3B78A /* Frameworks */,
				7F4DB29226A0319300C3B78A /* Resources */,
			);
			buildRules = (
			);
			dependencies = (
				7F4DB29626A0319300C3B78A /* PBXTargetDependency */,
			);
			name = "ricky and mortyTests";
			productName = "ricky and mortyTests";
			productReference = 7F4DB29426A0319300C3B78A /* ricky and mortyTests.xctest */;
			productType = "com.apple.product-type.bundle.unit-test";
		};
		7F4DB29E26A0319300C3B78A /* ricky and mortyUITests */ = {
			isa = PBXNativeTarget;
			buildConfigurationList = 7F4DB2AE26A0319300C3B78A /* Build configuration list for PBXNativeTarget "ricky and mortyUITests" */;
			buildPhases = (
				7F4DB29B26A0319300C3B78A /* Sources */,
				7F4DB29C26A0319300C3B78A /* Frameworks */,
				7F4DB29D26A0319300C3B78A /* Resources */,
			);
			buildRules = (
			);
			dependencies = (
				7F4DB2A126A0319300C3B78A /* PBXTargetDependency */,
			);
			name = "ricky and mortyUITests";
			productName = "ricky and mortyUITests";
			productReference = 7F4DB29F26A0319300C3B78A /* ricky and mortyUITests.xctest */;
			productType = "com.apple.product-type.bundle.ui-testing";
		};
/* End PBXNativeTarget section */

/* Begin PBXProject section */
		7F4DB27626A0318800C3B78A /* Project object */ = {
			isa = PBXProject;
			attributes = {
				LastSwiftUpdateCheck = 1250;
				LastUpgradeCheck = 1250;
				TargetAttributes = {
					7F4DB27D26A0318800C3B78A = {
						CreatedOnToolsVersion = 12.5.1;
					};
					7F4DB29326A0319300C3B78A = {
						CreatedOnToolsVersion = 12.5.1;
						TestTargetID = 7F4DB27D26A0318800C3B78A;
					};
					7F4DB29E26A0319300C3B78A = {
						CreatedOnToolsVersion = 12.5.1;
						TestTargetID = 7F4DB27D26A0318800C3B78A;
					};
				};
			};
			buildConfigurationList = 7F4DB27926A0318800C3B78A /* Build configuration list for PBXProject "ricky and morty" */;
			compatibilityVersion = "Xcode 9.3";
			developmentRegion = en;
			hasScannedForEncodings = 0;
			knownRegions = (
				en,
				Base,
			);
			mainGroup = 7F4DB27526A0318800C3B78A;
			productRefGroup = 7F4DB27F26A0318800C3B78A /* Products */;
			projectDirPath = "";
			projectRoot = "";
			targets = (
				7F4DB27D26A0318800C3B78A /* ricky and morty */,
				7F4DB29326A0319300C3B78A /* ricky and mortyTests */,
				7F4DB29E26A0319300C3B78A /* ricky and mortyUITests */,
			);
		};
/* End PBXProject section */

/* Begin PBXResourcesBuildPhase section */
		7F4DB27C26A0318800C3B78A /* Resources */ = {
			isa = PBXResourcesBuildPhase;
			buildActionMask = 2147483647;
			files = (
				7F4DB28E26A0319200C3B78A /* LaunchScreen.storyboard in Resources */,
				7F4DB28B26A0319200C3B78A /* Assets.xcassets in Resources */,
				7F4DB28926A0318800C3B78A /* Main.storyboard in Resources */,
			);
			runOnlyForDeploymentPostprocessing = 0;
		};
		7F4DB29226A0319300C3B78A /* Resources */ = {
			isa = PBXResourcesBuildPhase;
			buildActionMask = 2147483647;
			files = (
			);
			runOnlyForDeploymentPostprocessing = 0;
		};
		7F4DB29D26A0319300C3B78A /* Resources */ = {
			isa = PBXResourcesBuildPhase;
			buildActionMask = 2147483647;
			files = (
			);
			runOnlyForDeploymentPostprocessing = 0;
		};
/* End PBXResourcesBuildPhase section */

/* Begin PBXSourcesBuildPhase section */
		7F4DB27A26A0318800C3B78A /* Sources */ = {
			isa = PBXSourcesBuildPhase;
			buildActionMask = 2147483647;
			files = (
				7FE86A4F26A45E3A005B647B /* episodeCollectionViewCell.swift in Sources */,
				7F76FCF026A0B3C700492FC5 /* characterTableViewCell.swift in Sources */,
				7F4DB28626A0318800C3B78A /* ViewController.swift in Sources */,
				7F8B4FB126A439BB0034724E /* locationTableViewCell.swift in Sources */,
				7FE86A4C26A45DD9005B647B /* episodeTableViewCell.swift in Sources */,
				7F4DB2B526A0327800C3B78A /* CharacterModel.swift in Sources */,
				7F4DB28226A0318800C3B78A /* AppDelegate.swift in Sources */,
				7F4DB2B926A032B700C3B78A /* characterManger.swift in Sources */,
				7F4DB2BB26A032D600C3B78A /* EpisodeModel.swift in Sources */,
				7F4DB2B726A0329700C3B78A /* characterData.swift in Sources */,
				7F942B8726A2B55B003B0B53 /* episodeViewController.swift in Sources */,
				7F4DB28426A0318800C3B78A /* SceneDelegate.swift in Sources */,
				7F4DB2C226A0333800C3B78A /* LocationModel.swift in Sources */,
				7F4DB2BD26A032FC00C3B78A /* episodeData.swift in Sources */,
				7F61A9F426A4D0A0003DE97A /* singleLocationViewController.swift in Sources */,
				7F942B8926A2B56B003B0B53 /* locationViewController.swift in Sources */,
				7F4DB2C626A0336800C3B78A /* LocationManger.swift in Sources */,
				7FBA211826A4A39F00157849 /* SingleCharViewController.swift in Sources */,
				7F4DB2C426A0335100C3B78A /* locationData.swift in Sources */,
			);
			runOnlyForDeploymentPostprocessing = 0;
		};
		7F4DB29026A0319300C3B78A /* Sources */ = {
			isa = PBXSourcesBuildPhase;
			buildActionMask = 2147483647;
			files = (
				7F4DB29926A0319300C3B78A /* ricky_and_mortyTests.swift in Sources */,
			);
			runOnlyForDeploymentPostprocessing = 0;
		};
		7F4DB29B26A0319300C3B78A /* Sources */ = {
			isa = PBXSourcesBuildPhase;
			buildActionMask = 2147483647;
			files = (
				7F4DB2A426A0319300C3B78A /* ricky_and_mortyUITests.swift in Sources */,
			);
			runOnlyForDeploymentPostprocessing = 0;
		};
/* End PBXSourcesBuildPhase section */

/* Begin PBXTargetDependency section */
		7F4DB29626A0319300C3B78A /* PBXTargetDependency */ = {
			isa = PBXTargetDependency;
			target = 7F4DB27D26A0318800C3B78A /* ricky and morty */;
			targetProxy = 7F4DB29526A0319300C3B78A /* PBXContainerItemProxy */;
		};
		7F4DB2A126A0319300C3B78A /* PBXTargetDependency */ = {
			isa = PBXTargetDependency;
			target = 7F4DB27D26A0318800C3B78A /* ricky and morty */;
			targetProxy = 7F4DB2A026A0319300C3B78A /* PBXContainerItemProxy */;
		};
/* End PBXTargetDependency section */

/* Begin PBXVariantGroup section */
		7F4DB28726A0318800C3B78A /* Main.storyboard */ = {
			isa = PBXVariantGroup;
			children = (
				7F4DB28826A0318800C3B78A /* Base */,
			);
			name = Main.storyboard;
			sourceTree = "<group>";
		};
		7F4DB28C26A0319200C3B78A /* LaunchScreen.storyboard */ = {
			isa = PBXVariantGroup;
			children = (
				7F4DB28D26A0319200C3B78A /* Base */,
			);
			name = LaunchScreen.storyboard;
			sourceTree = "<group>";
		};
/* End PBXVariantGroup section */

/* Begin XCBuildConfiguration section */
		7F4DB2A626A0319300C3B78A /* Debug */ = {
			isa = XCBuildConfiguration;
			buildSettings = {
				ALWAYS_SEARCH_USER_PATHS = NO;
				CLANG_ANALYZER_NONNULL = YES;
				CLANG_ANALYZER_NUMBER_OBJECT_CONVERSION = YES_AGGRESSIVE;
				CLANG_CXX_LANGUAGE_STANDARD = "gnu++14";
				CLANG_CXX_LIBRARY = "libc++";
				CLANG_ENABLE_MODULES = YES;
				CLANG_ENABLE_OBJC_ARC = YES;
				CLANG_ENABLE_OBJC_WEAK = YES;
				CLANG_WARN_BLOCK_CAPTURE_AUTORELEASING = YES;
				CLANG_WARN_BOOL_CONVERSION = YES;
				CLANG_WARN_COMMA = YES;
				CLANG_WARN_CONSTANT_CONVERSION = YES;
				CLANG_WARN_DEPRECATED_OBJC_IMPLEMENTATIONS = YES;
				CLANG_WARN_DIRECT_OBJC_ISA_USAGE = YES_ERROR;
				CLANG_WARN_DOCUMENTATION_COMMENTS = YES;
				CLANG_WARN_EMPTY_BODY = YES;
				CLANG_WARN_ENUM_CONVERSION = YES;
				CLANG_WARN_INFINITE_RECURSION = YES;
				CLANG_WARN_INT_CONVERSION = YES;
				CLANG_WARN_NON_LITERAL_NULL_CONVERSION = YES;
				CLANG_WARN_OBJC_IMPLICIT_RETAIN_SELF = YES;
				CLANG_WARN_OBJC_LITERAL_CONVERSION = YES;
				CLANG_WARN_OBJC_ROOT_CLASS = YES_ERROR;
				CLANG_WARN_QUOTED_INCLUDE_IN_FRAMEWORK_HEADER = YES;
				CLANG_WARN_RANGE_LOOP_ANALYSIS = YES;
				CLANG_WARN_STRICT_PROTOTYPES = YES;
				CLANG_WARN_SUSPICIOUS_MOVE = YES;
				CLANG_WARN_UNGUARDED_AVAILABILITY = YES_AGGRESSIVE;
				CLANG_WARN_UNREACHABLE_CODE = YES;
				CLANG_WARN__DUPLICATE_METHOD_MATCH = YES;
				COPY_PHASE_STRIP = NO;
				DEBUG_INFORMATION_FORMAT = dwarf;
				ENABLE_STRICT_OBJC_MSGSEND = YES;
				ENABLE_TESTABILITY = YES;
				GCC_C_LANGUAGE_STANDARD = gnu11;
				GCC_DYNAMIC_NO_PIC = NO;
				GCC_NO_COMMON_BLOCKS = YES;
				GCC_OPTIMIZATION_LEVEL = 0;
				GCC_PREPROCESSOR_DEFINITIONS = (
					"DEBUG=1",
					"$(inherited)",
				);
				GCC_WARN_64_TO_32_BIT_CONVERSION = YES;
				GCC_WARN_ABOUT_RETURN_TYPE = YES_ERROR;
				GCC_WARN_UNDECLARED_SELECTOR = YES;
				GCC_WARN_UNINITIALIZED_AUTOS = YES_AGGRESSIVE;
				GCC_WARN_UNUSED_FUNCTION = YES;
				GCC_WARN_UNUSED_VARIABLE = YES;
				IPHONEOS_DEPLOYMENT_TARGET = 14.5;
				MTL_ENABLE_DEBUG_INFO = INCLUDE_SOURCE;
				MTL_FAST_MATH = YES;
				ONLY_ACTIVE_ARCH = YES;
				SDKROOT = iphoneos;
				SWIFT_ACTIVE_COMPILATION_CONDITIONS = DEBUG;
				SWIFT_OPTIMIZATION_LEVEL = "-Onone";
			};
			name = Debug;
		};
		7F4DB2A726A0319300C3B78A /* Release */ = {
			isa = XCBuildConfiguration;
			buildSettings = {
				ALWAYS_SEARCH_USER_PATHS = NO;
				CLANG_ANALYZER_NONNULL = YES;
				CLANG_ANALYZER_NUMBER_OBJECT_CONVERSION = YES_AGGRESSIVE;
				CLANG_CXX_LANGUAGE_STANDARD = "gnu++14";
				CLANG_CXX_LIBRARY = "libc++";
				CLANG_ENABLE_MODULES = YES;
				CLANG_ENABLE_OBJC_ARC = YES;
				CLANG_ENABLE_OBJC_WEAK = YES;
				CLANG_WARN_BLOCK_CAPTURE_AUTORELEASING = YES;
				CLANG_WARN_BOOL_CONVERSION = YES;
				CLANG_WARN_COMMA = YES;
				CLANG_WARN_CONSTANT_CONVERSION = YES;
				CLANG_WARN_DEPRECATED_OBJC_IMPLEMENTATIONS = YES;
				CLANG_WARN_DIRECT_OBJC_ISA_USAGE = YES_ERROR;
				CLANG_WARN_DOCUMENTATION_COMMENTS = YES;
				CLANG_WARN_EMPTY_BODY = YES;
				CLANG_WARN_ENUM_CONVERSION = YES;
				CLANG_WARN_INFINITE_RECURSION = YES;
				CLANG_WARN_INT_CONVERSION = YES;
				CLANG_WARN_NON_LITERAL_NULL_CONVERSION = YES;
				CLANG_WARN_OBJC_IMPLICIT_RETAIN_SELF = YES;
				CLANG_WARN_OBJC_LITERAL_CONVERSION = YES;
				CLANG_WARN_OBJC_ROOT_CLASS = YES_ERROR;
				CLANG_WARN_QUOTED_INCLUDE_IN_FRAMEWORK_HEADER = YES;
				CLANG_WARN_RANGE_LOOP_ANALYSIS = YES;
				CLANG_WARN_STRICT_PROTOTYPES = YES;
				CLANG_WARN_SUSPICIOUS_MOVE = YES;
				CLANG_WARN_UNGUARDED_AVAILABILITY = YES_AGGRESSIVE;
				CLANG_WARN_UNREACHABLE_CODE = YES;
				CLANG_WARN__DUPLICATE_METHOD_MATCH = YES;
				COPY_PHASE_STRIP = NO;
				DEBUG_INFORMATION_FORMAT = "dwarf-with-dsym";
				ENABLE_NS_ASSERTIONS = NO;
				ENABLE_STRICT_OBJC_MSGSEND = YES;
				GCC_C_LANGUAGE_STANDARD = gnu11;
				GCC_NO_COMMON_BLOCKS = YES;
				GCC_WARN_64_TO_32_BIT_CONVERSION = YES;
				GCC_WARN_ABOUT_RETURN_TYPE = YES_ERROR;
				GCC_WARN_UNDECLARED_SELECTOR = YES;
				GCC_WARN_UNINITIALIZED_AUTOS = YES_AGGRESSIVE;
				GCC_WARN_UNUSED_FUNCTION = YES;
				GCC_WARN_UNUSED_VARIABLE = YES;
				IPHONEOS_DEPLOYMENT_TARGET = 14.5;
				MTL_ENABLE_DEBUG_INFO = NO;
				MTL_FAST_MATH = YES;
				SDKROOT = iphoneos;
				SWIFT_COMPILATION_MODE = wholemodule;
				SWIFT_OPTIMIZATION_LEVEL = "-O";
				VALIDATE_PRODUCT = YES;
			};
			name = Release;
		};
		7F4DB2A926A0319300C3B78A /* Debug */ = {
			isa = XCBuildConfiguration;
			buildSettings = {
				ASSETCATALOG_COMPILER_APPICON_NAME = AppIcon;
				ASSETCATALOG_COMPILER_GLOBAL_ACCENT_COLOR_NAME = AccentColor;
				CODE_SIGN_STYLE = Automatic;
				INFOPLIST_FILE = "ricky and morty/Info.plist";
				IPHONEOS_DEPLOYMENT_TARGET = 13.0;
				LD_RUNPATH_SEARCH_PATHS = (
					"$(inherited)",
					"@executable_path/Frameworks",
				);
				PRODUCT_BUNDLE_IDENTIFIER = "umesh.ricky-and-morty";
				PRODUCT_NAME = "$(TARGET_NAME)";
				SWIFT_VERSION = 5.0;
				TARGETED_DEVICE_FAMILY = "1,2";
			};
			name = Debug;
		};
		7F4DB2AA26A0319300C3B78A /* Release */ = {
			isa = XCBuildConfiguration;
			buildSettings = {
				ASSETCATALOG_COMPILER_APPICON_NAME = AppIcon;
				ASSETCATALOG_COMPILER_GLOBAL_ACCENT_COLOR_NAME = AccentColor;
				CODE_SIGN_STYLE = Automatic;
				INFOPLIST_FILE = "ricky and morty/Info.plist";
				IPHONEOS_DEPLOYMENT_TARGET = 13.0;
				LD_RUNPATH_SEARCH_PATHS = (
					"$(inherited)",
					"@executable_path/Frameworks",
				);
				PRODUCT_BUNDLE_IDENTIFIER = "umesh.ricky-and-morty";
				PRODUCT_NAME = "$(TARGET_NAME)";
				SWIFT_VERSION = 5.0;
				TARGETED_DEVICE_FAMILY = "1,2";
			};
			name = Release;
		};
		7F4DB2AC26A0319300C3B78A /* Debug */ = {
			isa = XCBuildConfiguration;
			buildSettings = {
				ALWAYS_EMBED_SWIFT_STANDARD_LIBRARIES = YES;
				BUNDLE_LOADER = "$(TEST_HOST)";
				CODE_SIGN_STYLE = Automatic;
				INFOPLIST_FILE = "ricky and mortyTests/Info.plist";
				IPHONEOS_DEPLOYMENT_TARGET = 14.5;
				LD_RUNPATH_SEARCH_PATHS = (
					"$(inherited)",
					"@executable_path/Frameworks",
					"@loader_path/Frameworks",
				);
				PRODUCT_BUNDLE_IDENTIFIER = "umesh.ricky-and-mortyTests";
				PRODUCT_NAME = "$(TARGET_NAME)";
				SWIFT_VERSION = 5.0;
				TARGETED_DEVICE_FAMILY = "1,2";
				TEST_HOST = "$(BUILT_PRODUCTS_DIR)/ricky and morty.app/ricky and morty";
			};
			name = Debug;
		};
		7F4DB2AD26A0319300C3B78A /* Release */ = {
			isa = XCBuildConfiguration;
			buildSettings = {
				ALWAYS_EMBED_SWIFT_STANDARD_LIBRARIES = YES;
				BUNDLE_LOADER = "$(TEST_HOST)";
				CODE_SIGN_STYLE = Automatic;
				INFOPLIST_FILE = "ricky and mortyTests/Info.plist";
				IPHONEOS_DEPLOYMENT_TARGET = 14.5;
				LD_RUNPATH_SEARCH_PATHS = (
					"$(inherited)",
					"@executable_path/Frameworks",
					"@loader_path/Frameworks",
				);
				PRODUCT_BUNDLE_IDENTIFIER = "umesh.ricky-and-mortyTests";
				PRODUCT_NAME = "$(TARGET_NAME)";
				SWIFT_VERSION = 5.0;
				TARGETED_DEVICE_FAMILY = "1,2";
				TEST_HOST = "$(BUILT_PRODUCTS_DIR)/ricky and morty.app/ricky and morty";
			};
			name = Release;
		};
		7F4DB2AF26A0319300C3B78A /* Debug */ = {
			isa = XCBuildConfiguration;
			buildSettings = {
				ALWAYS_EMBED_SWIFT_STANDARD_LIBRARIES = YES;
				CODE_SIGN_STYLE = Automatic;
				INFOPLIST_FILE = "ricky and mortyUITests/Info.plist";
				LD_RUNPATH_SEARCH_PATHS = (
					"$(inherited)",
					"@executable_path/Frameworks",
					"@loader_path/Frameworks",
				);
				PRODUCT_BUNDLE_IDENTIFIER = "umesh.ricky-and-mortyUITests";
				PRODUCT_NAME = "$(TARGET_NAME)";
				SWIFT_VERSION = 5.0;
				TARGETED_DEVICE_FAMILY = "1,2";
				TEST_TARGET_NAME = "ricky and morty";
			};
			name = Debug;
		};
		7F4DB2B026A0319300C3B78A /* Release */ = {
			isa = XCBuildConfiguration;
			buildSettings = {
				ALWAYS_EMBED_SWIFT_STANDARD_LIBRARIES = YES;
				CODE_SIGN_STYLE = Automatic;
				INFOPLIST_FILE = "ricky and mortyUITests/Info.plist";
				LD_RUNPATH_SEARCH_PATHS = (
					"$(inherited)",
					"@executable_path/Frameworks",
					"@loader_path/Frameworks",
				);
				PRODUCT_BUNDLE_IDENTIFIER = "umesh.ricky-and-mortyUITests";
				PRODUCT_NAME = "$(TARGET_NAME)";
				SWIFT_VERSION = 5.0;
				TARGETED_DEVICE_FAMILY = "1,2";
				TEST_TARGET_NAME = "ricky and morty";
			};
			name = Release;
		};
/* End XCBuildConfiguration section */

/* Begin XCConfigurationList section */
		7F4DB27926A0318800C3B78A /* Build configuration list for PBXProject "ricky and morty" */ = {
			isa = XCConfigurationList;
			buildConfigurations = (
				7F4DB2A626A0319300C3B78A /* Debug */,
				7F4DB2A726A0319300C3B78A /* Release */,
			);
			defaultConfigurationIsVisible = 0;
			defaultConfigurationName = Release;
		};
		7F4DB2A826A0319300C3B78A /* Build configuration list for PBXNativeTarget "ricky and morty" */ = {
			isa = XCConfigurationList;
			buildConfigurations = (
				7F4DB2A926A0319300C3B78A /* Debug */,
				7F4DB2AA26A0319300C3B78A /* Release */,
			);
			defaultConfigurationIsVisible = 0;
			defaultConfigurationName = Release;
		};
		7F4DB2AB26A0319300C3B78A /* Build configuration list for PBXNativeTarget "ricky and mortyTests" */ = {
			isa = XCConfigurationList;
			buildConfigurations = (
				7F4DB2AC26A0319300C3B78A /* Debug */,
				7F4DB2AD26A0319300C3B78A /* Release */,
			);
			defaultConfigurationIsVisible = 0;
			defaultConfigurationName = Release;
		};
		7F4DB2AE26A0319300C3B78A /* Build configuration list for PBXNativeTarget "ricky and mortyUITests" */ = {
			isa = XCConfigurationList;
			buildConfigurations = (
				7F4DB2AF26A0319300C3B78A /* Debug */,
				7F4DB2B026A0319300C3B78A /* Release */,
			);
			defaultConfigurationIsVisible = 0;
			defaultConfigurationName = Release;
		};
/* End XCConfigurationList section */
	};
	rootObject = 7F4DB27626A0318800C3B78A /* Project object */;
}
